
Microsoft Visual Studio Solution File, Format Version 12.00
# Visual Studio Version 17
VisualStudioVersion = 17.14.36518.9 d17.14
MinimumVisualStudioVersion = 10.0.40219.1
Project("{FAE04EC0-301F-11D3-BF4B-00C04F79EFBC}") = "TodoTaskApi", "TodoTaskApi.csproj", "{609E716D-26E0-4D3B-AA8E-860108A7E251}"
EndProject
Global
	GlobalSection(SolutionConfigurationPlatforms) = preSolution
		Debug|Any CPU = Debug|Any CPU
		Release|Any CPU = Release|Any CPU
	EndGlobalSection
	GlobalSection(ProjectConfigurationPlatforms) = postSolution
		{609E716D-26E0-4D3B-AA8E-860108A7E251}.Debug|Any CPU.ActiveCfg = Debug|Any CPU
		{609E716D-26E0-4D3B-AA8E-860108A7E251}.Debug|Any CPU.Build.0 = Debug|Any CPU
		{609E716D-26E0-4D3B-AA8E-860108A7E251}.Release|Any CPU.ActiveCfg = Release|Any CPU
		{609E716D-26E0-4D3B-AA8E-860108A7E251}.Release|Any CPU.Build.0 = Release|Any CPU
	EndGlobalSection
	GlobalSection(SolutionProperties) = preSolution
		HideSolutionNode = FALSE
	EndGlobalSection
	GlobalSection(ExtensibilityGlobals) = postSolution
		SolutionGuid = {E5F5D542-B809-497B-8CC8-8511778B91BA}
	EndGlobalSection
EndGlobal
